
Microsoft Visual Studio Solution File, Format Version 12.00
# Visual Studio 14
VisualStudioVersion = 14.0.24720.0
MinimumVisualStudioVersion = 10.0.40219.1
Project("{2150E333-8FDC-42A3-9474-1A3956D46DE8}") = "Chapter 02", "Chapter 02", "{9E99660F-4749-4294-8CE3-13B2DB3C9FB1}"
EndProject
Project("{FAE04EC0-301F-11D3-BF4B-00C04F79EFBC}") = "PartyInvites", "PartyInvites\PartyInvites.csproj", "{FE08675D-DD28-4861-B403-72D47DC9CA80}"
EndProject
Project("{2150E333-8FDC-42A3-9474-1A3956D46DE8}") = "Others", "Others", "{FACAA6ED-4570-4915-9FEF-AB026313F437}"
EndProject
Project("{2150E333-8FDC-42A3-9474-1A3956D46DE8}") = "Chapter 03", "Chapter 03", "{6252B15A-EA58-4602-BA46-09485D694ABE}"
EndProject
Project("{2150E333-8FDC-42A3-9474-1A3956D46DE8}") = "Chapter 04", "Chapter 04", "{EF1016A6-72E0-46B4-9AE5-50E31908EA0E}"
EndProject
Project("{FAE04EC0-301F-11D3-BF4B-00C04F79EFBC}") = "LanguageFeatures", "LanguageFeatures\LanguageFeatures.csproj", "{AAD37E29-13CE-4A70-AF19-845088589775}"
EndProject
Project("{2150E333-8FDC-42A3-9474-1A3956D46DE8}") = "Chapter 05", "Chapter 05", "{2A76E2F1-8500-425E-BCE2-E59F5368CEBA}"
EndProject
Project("{FAE04EC0-301F-11D3-BF4B-00C04F79EFBC}") = "Razor", "Razor\Razor.csproj", "{550EC5B6-458E-4122-A96C-1D1C09AD6D7D}"
EndProject
Project("{2150E333-8FDC-42A3-9474-1A3956D46DE8}") = "Chapter 06", "Chapter 06", "{740D1CB5-4812-4780-883A-17957B744AA5}"
EndProject
Project("{FAE04EC0-301F-11D3-BF4B-00C04F79EFBC}") = "EssentialTools", "EssentialTools\EssentialTools.csproj", "{4C0CB932-DE53-472E-986F-B9458C347D54}"
EndProject
Global
	GlobalSection(SolutionConfigurationPlatforms) = preSolution
		Debug|Any CPU = Debug|Any CPU
		Release|Any CPU = Release|Any CPU
	EndGlobalSection
	GlobalSection(ProjectConfigurationPlatforms) = postSolution
		{FE08675D-DD28-4861-B403-72D47DC9CA80}.Debug|Any CPU.ActiveCfg = Debug|Any CPU
		{FE08675D-DD28-4861-B403-72D47DC9CA80}.Debug|Any CPU.Build.0 = Debug|Any CPU
		{FE08675D-DD28-4861-B403-72D47DC9CA80}.Release|Any CPU.ActiveCfg = Release|Any CPU
		{FE08675D-DD28-4861-B403-72D47DC9CA80}.Release|Any CPU.Build.0 = Release|Any CPU
		{AAD37E29-13CE-4A70-AF19-845088589775}.Debug|Any CPU.ActiveCfg = Debug|Any CPU
		{AAD37E29-13CE-4A70-AF19-845088589775}.Debug|Any CPU.Build.0 = Debug|Any CPU
		{AAD37E29-13CE-4A70-AF19-845088589775}.Release|Any CPU.ActiveCfg = Release|Any CPU
		{AAD37E29-13CE-4A70-AF19-845088589775}.Release|Any CPU.Build.0 = Release|Any CPU
		{550EC5B6-458E-4122-A96C-1D1C09AD6D7D}.Debug|Any CPU.ActiveCfg = Debug|Any CPU
		{550EC5B6-458E-4122-A96C-1D1C09AD6D7D}.Debug|Any CPU.Build.0 = Debug|Any CPU
		{550EC5B6-458E-4122-A96C-1D1C09AD6D7D}.Release|Any CPU.ActiveCfg = Release|Any CPU
		{550EC5B6-458E-4122-A96C-1D1C09AD6D7D}.Release|Any CPU.Build.0 = Release|Any CPU
		{4C0CB932-DE53-472E-986F-B9458C347D54}.Debug|Any CPU.ActiveCfg = Debug|Any CPU
		{4C0CB932-DE53-472E-986F-B9458C347D54}.Debug|Any CPU.Build.0 = Debug|Any CPU
		{4C0CB932-DE53-472E-986F-B9458C347D54}.Release|Any CPU.ActiveCfg = Release|Any CPU
		{4C0CB932-DE53-472E-986F-B9458C347D54}.Release|Any CPU.Build.0 = Release|Any CPU
	EndGlobalSection
	GlobalSection(SolutionProperties) = preSolution
		HideSolutionNode = FALSE
	EndGlobalSection
	GlobalSection(NestedProjects) = preSolution
		{FE08675D-DD28-4861-B403-72D47DC9CA80} = {9E99660F-4749-4294-8CE3-13B2DB3C9FB1}
		{AAD37E29-13CE-4A70-AF19-845088589775} = {EF1016A6-72E0-46B4-9AE5-50E31908EA0E}
		{550EC5B6-458E-4122-A96C-1D1C09AD6D7D} = {2A76E2F1-8500-425E-BCE2-E59F5368CEBA}
		{4C0CB932-DE53-472E-986F-B9458C347D54} = {740D1CB5-4812-4780-883A-17957B744AA5}
	EndGlobalSection
EndGlobal
